
Microsoft Visual Studio Solution File, Format Version 12.00
# Visual Studio Version 17
VisualStudioVersion = 17.5.002.0
MinimumVisualStudioVersion = 10.0.40219.1
Project("{9A19103F-16F7-4668-BE54-9A1E7A4F7556}") = "Roadside", "Roadside.csproj", "{966A03A7-739E-4923-879B-0586F20CA697}"
EndProject
Global
	GlobalSection(SolutionConfigurationPlatforms) = preSolution
		Debug|Any CPU = Debug|Any CPU
		Release|Any CPU = Release|Any CPU
	EndGlobalSection
	GlobalSection(ProjectConfigurationPlatforms) = postSolution
		{966A03A7-739E-4923-879B-0586F20CA697}.Debug|Any CPU.ActiveCfg = Debug|Any CPU
		{966A03A7-739E-4923-879B-0586F20CA697}.Debug|Any CPU.Build.0 = Debug|Any CPU
		{966A03A7-739E-4923-879B-0586F20CA697}.Release|Any CPU.ActiveCfg = Release|Any CPU
		{966A03A7-739E-4923-879B-0586F20CA697}.Release|Any CPU.Build.0 = Release|Any CPU
	EndGlobalSection
	GlobalSection(SolutionProperties) = preSolution
		HideSolutionNode = FALSE
	EndGlobalSection
	GlobalSection(ExtensibilityGlobals) = postSolution
		SolutionGuid = {80A157A3-49BE-4CE7-8DA3-DA49007F4262}
	EndGlobalSection
EndGlobal
